
Microsoft Visual Studio Solution File, Format Version 12.00
# Visual Studio Version 16
VisualStudioVersion = 16.0.29319.158
MinimumVisualStudioVersion = 10.0.40219.1
Project("{9A19103F-16F7-4668-BE54-9A1E7A4F7556}") = "HereTruckDistance.Api", "HereTruckDistance\HereTruckDistance.Api.csproj", "{26FE1F87-35A5-4FD9-AE21-8AE9280A1695}"
EndProject
Project("{9A19103F-16F7-4668-BE54-9A1E7A4F7556}") = "HereTruckDistance.Tests", "HereTruckDistance.Tests\HereTruckDistance.Tests.csproj", "{9955111C-1D4E-4903-979F-7376543561E3}"
EndProject
Project("{9A19103F-16F7-4668-BE54-9A1E7A4F7556}") = "HereTruckDistance.Core", "HereTruckDistance.Core\HereTruckDistance.Core.csproj", "{3023A928-B82B-4482-939F-EF668696CD7C}"
EndProject
Project("{2150E333-8FDC-42A3-9474-1A3956D46DE8}") = "Solution Items", "Solution Items", "{AA45B1C1-AD61-4B41-9BFB-A9E28561D191}"
	ProjectSection(SolutionItems) = preProject
		README.md = README.md
	EndProjectSection
EndProject
Global
	GlobalSection(SolutionConfigurationPlatforms) = preSolution
		Debug|Any CPU = Debug|Any CPU
		Release|Any CPU = Release|Any CPU
	EndGlobalSection
	GlobalSection(ProjectConfigurationPlatforms) = postSolution
		{26FE1F87-35A5-4FD9-AE21-8AE9280A1695}.Debug|Any CPU.ActiveCfg = Debug|Any CPU
		{26FE1F87-35A5-4FD9-AE21-8AE9280A1695}.Debug|Any CPU.Build.0 = Debug|Any CPU
		{26FE1F87-35A5-4FD9-AE21-8AE9280A1695}.Release|Any CPU.ActiveCfg = Release|Any CPU
		{26FE1F87-35A5-4FD9-AE21-8AE9280A1695}.Release|Any CPU.Build.0 = Release|Any CPU
		{9955111C-1D4E-4903-979F-7376543561E3}.Debug|Any CPU.ActiveCfg = Debug|Any CPU
		{9955111C-1D4E-4903-979F-7376543561E3}.Debug|Any CPU.Build.0 = Debug|Any CPU
		{9955111C-1D4E-4903-979F-7376543561E3}.Release|Any CPU.ActiveCfg = Release|Any CPU
		{9955111C-1D4E-4903-979F-7376543561E3}.Release|Any CPU.Build.0 = Release|Any CPU
		{3023A928-B82B-4482-939F-EF668696CD7C}.Debug|Any CPU.ActiveCfg = Debug|Any CPU
		{3023A928-B82B-4482-939F-EF668696CD7C}.Debug|Any CPU.Build.0 = Debug|Any CPU
		{3023A928-B82B-4482-939F-EF668696CD7C}.Release|Any CPU.ActiveCfg = Release|Any CPU
		{3023A928-B82B-4482-939F-EF668696CD7C}.Release|Any CPU.Build.0 = Release|Any CPU
	EndGlobalSection
	GlobalSection(SolutionProperties) = preSolution
		HideSolutionNode = FALSE
	EndGlobalSection
	GlobalSection(ExtensibilityGlobals) = postSolution
		SolutionGuid = {B8B27D68-1B53-4726-9D18-08AB081F9BC9}
	EndGlobalSection
EndGlobal
